
Microsoft Visual Studio Solution File, Format Version 12.00
# Visual Studio Version 16
VisualStudioVersion = 16.0.30204.135
MinimumVisualStudioVersion = 10.0.40219.1
Project("{FAE04EC0-301F-11D3-BF4B-00C04F79EFBC}") = "EjercicioPaisesPOO", "EjercicioPaisesPOO\EjercicioPaisesPOO.csproj", "{461EFD38-CC73-4E78-9E89-84828B8BE791}"
EndProject
Global
	GlobalSection(SolutionConfigurationPlatforms) = preSolution
		Debug|Any CPU = Debug|Any CPU
		Release|Any CPU = Release|Any CPU
	EndGlobalSection
	GlobalSection(ProjectConfigurationPlatforms) = postSolution
		{461EFD38-CC73-4E78-9E89-84828B8BE791}.Debug|Any CPU.ActiveCfg = Debug|Any CPU
		{461EFD38-CC73-4E78-9E89-84828B8BE791}.Debug|Any CPU.Build.0 = Debug|Any CPU
		{461EFD38-CC73-4E78-9E89-84828B8BE791}.Release|Any CPU.ActiveCfg = Release|Any CPU
		{461EFD38-CC73-4E78-9E89-84828B8BE791}.Release|Any CPU.Build.0 = Release|Any CPU
	EndGlobalSection
	GlobalSection(SolutionProperties) = preSolution
		HideSolutionNode = FALSE
	EndGlobalSection
	GlobalSection(ExtensibilityGlobals) = postSolution
		SolutionGuid = {9CB066BF-3350-468A-9FBE-5D66C7192CBE}
	EndGlobalSection
EndGlobal
